
Microsoft Visual Studio Solution File, Format Version 12.00
# Visual Studio Version 17
VisualStudioVersion = 17.8.34322.80
MinimumVisualStudioVersion = 10.0.40219.1
Project("{FAE04EC0-301F-11D3-BF4B-00C04F79EFBC}") = "MainForm", "MainForm\MainForm.csproj", "{0C79497C-BB2D-4673-9809-726FF9F9DBA9}"
EndProject
Project("{FAE04EC0-301F-11D3-BF4B-00C04F79EFBC}") = "TestMnenu", "TestMnenu\TestMnenu.csproj", "{66E67DC2-4DE2-44CB-90C8-C7254A89E09F}"
EndProject
Global
	GlobalSection(SolutionConfigurationPlatforms) = preSolution
		Debug|Any CPU = Debug|Any CPU
		Release|Any CPU = Release|Any CPU
	EndGlobalSection
	GlobalSection(ProjectConfigurationPlatforms) = postSolution
		{0C79497C-BB2D-4673-9809-726FF9F9DBA9}.Debug|Any CPU.ActiveCfg = Debug|Any CPU
		{0C79497C-BB2D-4673-9809-726FF9F9DBA9}.Debug|Any CPU.Build.0 = Debug|Any CPU
		{0C79497C-BB2D-4673-9809-726FF9F9DBA9}.Release|Any CPU.ActiveCfg = Release|Any CPU
		{0C79497C-BB2D-4673-9809-726FF9F9DBA9}.Release|Any CPU.Build.0 = Release|Any CPU
		{66E67DC2-4DE2-44CB-90C8-C7254A89E09F}.Debug|Any CPU.ActiveCfg = Debug|Any CPU
		{66E67DC2-4DE2-44CB-90C8-C7254A89E09F}.Debug|Any CPU.Build.0 = Debug|Any CPU
		{66E67DC2-4DE2-44CB-90C8-C7254A89E09F}.Release|Any CPU.ActiveCfg = Release|Any CPU
		{66E67DC2-4DE2-44CB-90C8-C7254A89E09F}.Release|Any CPU.Build.0 = Release|Any CPU
	EndGlobalSection
	GlobalSection(SolutionProperties) = preSolution
		HideSolutionNode = FALSE
	EndGlobalSection
	GlobalSection(ExtensibilityGlobals) = postSolution
		SolutionGuid = {95450B62-35DF-4DB0-B841-D93E162CF4FD}
	EndGlobalSection
EndGlobal
