
Microsoft Visual Studio Solution File, Format Version 12.00
# Visual Studio Version 17
VisualStudioVersion = 17.8.34322.80
MinimumVisualStudioVersion = 10.0.40219.1
Project("{FAE04EC0-301F-11D3-BF4B-00C04F79EFBC}") = "QuanLyNguoiDung", "QuanLyNguoiDung\QuanLyNguoiDung.csproj", "{BDD65539-262A-4A5A-915D-FF07ED30B8E5}"
EndProject
Global
	GlobalSection(SolutionConfigurationPlatforms) = preSolution
		Debug|Any CPU = Debug|Any CPU
		Release|Any CPU = Release|Any CPU
	EndGlobalSection
	GlobalSection(ProjectConfigurationPlatforms) = postSolution
		{BDD65539-262A-4A5A-915D-FF07ED30B8E5}.Debug|Any CPU.ActiveCfg = Debug|Any CPU
		{BDD65539-262A-4A5A-915D-FF07ED30B8E5}.Debug|Any CPU.Build.0 = Debug|Any CPU
		{BDD65539-262A-4A5A-915D-FF07ED30B8E5}.Release|Any CPU.ActiveCfg = Release|Any CPU
		{BDD65539-262A-4A5A-915D-FF07ED30B8E5}.Release|Any CPU.Build.0 = Release|Any CPU
	EndGlobalSection
	GlobalSection(SolutionProperties) = preSolution
		HideSolutionNode = FALSE
	EndGlobalSection
	GlobalSection(ExtensibilityGlobals) = postSolution
		SolutionGuid = {D3D02252-E7C9-4CA7-B289-FFA31831F883}
	EndGlobalSection
EndGlobal
