
Microsoft Visual Studio Solution File, Format Version 12.00
# Visual Studio Version 17
VisualStudioVersion = 17.11.35222.181
MinimumVisualStudioVersion = 10.0.40219.1
Project("{FAE04EC0-301F-11D3-BF4B-00C04F79EFBC}") = "QLDonHang", "QLDonHang\QLDonHang.csproj", "{08735B13-E7F1-443D-9477-5D986DCD7328}"
EndProject
Global
	GlobalSection(SolutionConfigurationPlatforms) = preSolution
		Debug|Any CPU = Debug|Any CPU
		Release|Any CPU = Release|Any CPU
	EndGlobalSection
	GlobalSection(ProjectConfigurationPlatforms) = postSolution
		{08735B13-E7F1-443D-9477-5D986DCD7328}.Debug|Any CPU.ActiveCfg = Debug|Any CPU
		{08735B13-E7F1-443D-9477-5D986DCD7328}.Debug|Any CPU.Build.0 = Debug|Any CPU
		{08735B13-E7F1-443D-9477-5D986DCD7328}.Release|Any CPU.ActiveCfg = Release|Any CPU
		{08735B13-E7F1-443D-9477-5D986DCD7328}.Release|Any CPU.Build.0 = Release|Any CPU
	EndGlobalSection
	GlobalSection(SolutionProperties) = preSolution
		HideSolutionNode = FALSE
	EndGlobalSection
	GlobalSection(ExtensibilityGlobals) = postSolution
		SolutionGuid = {C9BB8414-A118-429E-8B9F-6A6F01A0021C}
	EndGlobalSection
EndGlobal
